
Microsoft Visual Studio Solution File, Format Version 12.00
# Visual Studio Version 16
VisualStudioVersion = 16.0.28621.142
MinimumVisualStudioVersion = 15.0.26124.0
Project("{9A19103F-16F7-4668-BE54-9A1E7A4F7556}") = "StaticNpmLib", "StaticNpmLib\StaticNpmLib.csproj", "{3848BB11-5626-4E41-BA7D-16740A2B6DD1}"
EndProject
Project("{9A19103F-16F7-4668-BE54-9A1E7A4F7556}") = "StaticNpm", "StaticNpm\StaticNpm.csproj", "{08D889A3-2777-4FDA-A32E-8452A63809B0}"
EndProject
Project("{FAE04EC0-301F-11D3-BF4B-00C04F79EFBC}") = "StaticNpmTests", "StaticNpmTests\StaticNpmTests.csproj", "{878A8F3D-B8DC-4A83-A97C-5C96477ED248}"
EndProject
Global
	GlobalSection(SolutionConfigurationPlatforms) = preSolution
		Debug|Any CPU = Debug|Any CPU
		Release|Any CPU = Release|Any CPU
	EndGlobalSection
	GlobalSection(ProjectConfigurationPlatforms) = postSolution
		{3848BB11-5626-4E41-BA7D-16740A2B6DD1}.Debug|Any CPU.ActiveCfg = Debug|Any CPU
		{3848BB11-5626-4E41-BA7D-16740A2B6DD1}.Debug|Any CPU.Build.0 = Debug|Any CPU
		{3848BB11-5626-4E41-BA7D-16740A2B6DD1}.Release|Any CPU.ActiveCfg = Release|Any CPU
		{3848BB11-5626-4E41-BA7D-16740A2B6DD1}.Release|Any CPU.Build.0 = Release|Any CPU
		{08D889A3-2777-4FDA-A32E-8452A63809B0}.Debug|Any CPU.ActiveCfg = Debug|Any CPU
		{08D889A3-2777-4FDA-A32E-8452A63809B0}.Debug|Any CPU.Build.0 = Debug|Any CPU
		{08D889A3-2777-4FDA-A32E-8452A63809B0}.Release|Any CPU.ActiveCfg = Release|Any CPU
		{08D889A3-2777-4FDA-A32E-8452A63809B0}.Release|Any CPU.Build.0 = Release|Any CPU
		{878A8F3D-B8DC-4A83-A97C-5C96477ED248}.Debug|Any CPU.ActiveCfg = Debug|Any CPU
		{878A8F3D-B8DC-4A83-A97C-5C96477ED248}.Debug|Any CPU.Build.0 = Debug|Any CPU
		{878A8F3D-B8DC-4A83-A97C-5C96477ED248}.Release|Any CPU.ActiveCfg = Release|Any CPU
		{878A8F3D-B8DC-4A83-A97C-5C96477ED248}.Release|Any CPU.Build.0 = Release|Any CPU
	EndGlobalSection
	GlobalSection(SolutionProperties) = preSolution
		HideSolutionNode = FALSE
	EndGlobalSection
	GlobalSection(ExtensibilityGlobals) = postSolution
		SolutionGuid = {175AA63A-5596-44F1-9B3E-CEFFF5E91481}
	EndGlobalSection
EndGlobal
